
Microsoft Visual Studio Solution File, Format Version 12.00
# Visual Studio Version 16
VisualStudioVersion = 16.0.30717.126
MinimumVisualStudioVersion = 10.0.40219.1
Project("{FAE04EC0-301F-11D3-BF4B-00C04F79EFBC}") = "Application.Services", "Application.Services\Application.Services.csproj", "{C02B54A2-D74D-49DF-95E1-4D5E3D89887B}"
EndProject
Project("{FAE04EC0-301F-11D3-BF4B-00C04F79EFBC}") = "Application.Data", "Application.Data\Application.Data.csproj", "{C64CA8FE-E0A7-4387-A163-34888C3D4DC3}"
EndProject
Project("{FAE04EC0-301F-11D3-BF4B-00C04F79EFBC}") = "Application.Domain", "Application.Domain\Application.Domain.csproj", "{CCA10646-261D-4DCD-9F94-3421850AEE36}"
EndProject
Project("{FAE04EC0-301F-11D3-BF4B-00C04F79EFBC}") = "Application.UnitTests", "Application.UnitTests\Application.UnitTests.csproj", "{30CEDA7A-CDD3-4028-9798-0489650CEE0D}"
EndProject
Project("{FAE04EC0-301F-11D3-BF4B-00C04F79EFBC}") = "Application.Web", "Application.Web\Application.Web.csproj", "{41EB3F03-5CEA-49AE-92DA-4837379F2372}"
EndProject
Global
	GlobalSection(SolutionConfigurationPlatforms) = preSolution
		Debug|Any CPU = Debug|Any CPU
		Release|Any CPU = Release|Any CPU
	EndGlobalSection
	GlobalSection(ProjectConfigurationPlatforms) = postSolution
		{C02B54A2-D74D-49DF-95E1-4D5E3D89887B}.Debug|Any CPU.ActiveCfg = Debug|Any CPU
		{C02B54A2-D74D-49DF-95E1-4D5E3D89887B}.Debug|Any CPU.Build.0 = Debug|Any CPU
		{C02B54A2-D74D-49DF-95E1-4D5E3D89887B}.Release|Any CPU.ActiveCfg = Release|Any CPU
		{C02B54A2-D74D-49DF-95E1-4D5E3D89887B}.Release|Any CPU.Build.0 = Release|Any CPU
		{C64CA8FE-E0A7-4387-A163-34888C3D4DC3}.Debug|Any CPU.ActiveCfg = Debug|Any CPU
		{C64CA8FE-E0A7-4387-A163-34888C3D4DC3}.Debug|Any CPU.Build.0 = Debug|Any CPU
		{C64CA8FE-E0A7-4387-A163-34888C3D4DC3}.Release|Any CPU.ActiveCfg = Release|Any CPU
		{C64CA8FE-E0A7-4387-A163-34888C3D4DC3}.Release|Any CPU.Build.0 = Release|Any CPU
		{CCA10646-261D-4DCD-9F94-3421850AEE36}.Debug|Any CPU.ActiveCfg = Debug|Any CPU
		{CCA10646-261D-4DCD-9F94-3421850AEE36}.Debug|Any CPU.Build.0 = Debug|Any CPU
		{CCA10646-261D-4DCD-9F94-3421850AEE36}.Release|Any CPU.ActiveCfg = Release|Any CPU
		{CCA10646-261D-4DCD-9F94-3421850AEE36}.Release|Any CPU.Build.0 = Release|Any CPU
		{30CEDA7A-CDD3-4028-9798-0489650CEE0D}.Debug|Any CPU.ActiveCfg = Debug|Any CPU
		{30CEDA7A-CDD3-4028-9798-0489650CEE0D}.Debug|Any CPU.Build.0 = Debug|Any CPU
		{30CEDA7A-CDD3-4028-9798-0489650CEE0D}.Release|Any CPU.ActiveCfg = Release|Any CPU
		{30CEDA7A-CDD3-4028-9798-0489650CEE0D}.Release|Any CPU.Build.0 = Release|Any CPU
		{41EB3F03-5CEA-49AE-92DA-4837379F2372}.Debug|Any CPU.ActiveCfg = Debug|Any CPU
		{41EB3F03-5CEA-49AE-92DA-4837379F2372}.Debug|Any CPU.Build.0 = Debug|Any CPU
		{41EB3F03-5CEA-49AE-92DA-4837379F2372}.Release|Any CPU.ActiveCfg = Release|Any CPU
		{41EB3F03-5CEA-49AE-92DA-4837379F2372}.Release|Any CPU.Build.0 = Release|Any CPU
	EndGlobalSection
	GlobalSection(SolutionProperties) = preSolution
		HideSolutionNode = FALSE
	EndGlobalSection
	GlobalSection(ExtensibilityGlobals) = postSolution
		SolutionGuid = {0A5B6835-6533-43D2-94FA-EF7C5DD80710}
	EndGlobalSection
EndGlobal
